schema: '2.0'
stages:
  train_model:
    cmd: python3 train_model.py --config=params.yaml
    params:
      params.yaml:
        train:
          torch_params:
            model: convnet
            loss_fn: CrossEntropyLoss
            optimiser: Adam
          learning_rate: 0.001
          n_epochs: 10
          training_log_verboseness: 1
    outs:
    - path: results/metric_data.pkl
      md5: c20f04387d39414d35f6c7dd01d902b3
      size: 458
    - path: results/results.json
      md5: d2bb582c70a23222108b4e1577e7edb7
      size: 181
